
Microsoft Visual Studio Solution File, Format Version 12.00
# Visual Studio Version 17
VisualStudioVersion = 17.4.33205.214
MinimumVisualStudioVersion = 10.0.40219.1
Project("{FAE04EC0-301F-11D3-BF4B-00C04F79EFBC}") = "Calculator", "Calculator\Calculator.csproj", "{17AF24F0-0DCF-48F2-AAA7-62C9A95656B6}"
EndProject
Project("{FAE04EC0-301F-11D3-BF4B-00C04F79EFBC}") = "CalculatorUnitTests", "CalculatorUnitTests\CalculatorUnitTests.csproj", "{4FC8B4F7-BF41-4821-AFC2-DD05D3C6E109}"
EndProject
Global
	GlobalSection(SolutionConfigurationPlatforms) = preSolution
		Debug|Any CPU = Debug|Any CPU
		Release|Any CPU = Release|Any CPU
	EndGlobalSection
	GlobalSection(ProjectConfigurationPlatforms) = postSolution
		{17AF24F0-0DCF-48F2-AAA7-62C9A95656B6}.Debug|Any CPU.ActiveCfg = Debug|Any CPU
		{17AF24F0-0DCF-48F2-AAA7-62C9A95656B6}.Debug|Any CPU.Build.0 = Debug|Any CPU
		{17AF24F0-0DCF-48F2-AAA7-62C9A95656B6}.Release|Any CPU.ActiveCfg = Release|Any CPU
		{17AF24F0-0DCF-48F2-AAA7-62C9A95656B6}.Release|Any CPU.Build.0 = Release|Any CPU
		{4FC8B4F7-BF41-4821-AFC2-DD05D3C6E109}.Debug|Any CPU.ActiveCfg = Debug|Any CPU
		{4FC8B4F7-BF41-4821-AFC2-DD05D3C6E109}.Debug|Any CPU.Build.0 = Debug|Any CPU
		{4FC8B4F7-BF41-4821-AFC2-DD05D3C6E109}.Release|Any CPU.ActiveCfg = Release|Any CPU
		{4FC8B4F7-BF41-4821-AFC2-DD05D3C6E109}.Release|Any CPU.Build.0 = Release|Any CPU
	EndGlobalSection
	GlobalSection(SolutionProperties) = preSolution
		HideSolutionNode = FALSE
	EndGlobalSection
	GlobalSection(ExtensibilityGlobals) = postSolution
		SolutionGuid = {474A62E1-825A-4AE1-A867-F23DEE7519B6}
	EndGlobalSection
EndGlobal
